
Microsoft Visual Studio Solution File, Format Version 12.00
# Visual Studio Version 17
VisualStudioVersion = 17.1.32328.378
MinimumVisualStudioVersion = 10.0.40219.1
Project("{2150E333-8FDC-42A3-9474-1A3956D46DE8}") = "Core", "Core", "{C4825924-1A51-4D9D-A2AC-43F08CA87146}"
EndProject
Project("{9A19103F-16F7-4668-BE54-9A1E7A4F7556}") = "EatwellApi.Application", "Core\EatwellApi.Application\EatwellApi.Application.csproj", "{042C5085-A755-44CC-8E85-7F7B9C793C14}"
EndProject
Project("{9A19103F-16F7-4668-BE54-9A1E7A4F7556}") = "EatwellApi.Domain", "Core\EatwellApi.Domain\EatwellApi.Domain.csproj", "{2D82E8C1-A2D8-4371-9A81-E87E6737371D}"
EndProject
Project("{2150E333-8FDC-42A3-9474-1A3956D46DE8}") = "Infrastructure", "Infrastructure", "{C127E596-954B-48C6-9478-722C497B71AD}"
EndProject
Project("{9A19103F-16F7-4668-BE54-9A1E7A4F7556}") = "EatwellApi.Infrastructure", "Infrastructure\EatwellApi.Infrastructure\EatwellApi.Infrastructure.csproj", "{8B705BA5-025E-40A6-A84B-2F3378E336C5}"
EndProject
Project("{9A19103F-16F7-4668-BE54-9A1E7A4F7556}") = "EatwellApi.Persistence", "Infrastructure\EatwellApi.Persistence\EatwellApi.Persistence.csproj", "{6E5571EA-4C50-410E-9C8F-7488D525001B}"
EndProject
Project("{2150E333-8FDC-42A3-9474-1A3956D46DE8}") = "Presentation", "Presentation", "{6696AE53-FC71-4C9B-B5BB-1639C712604F}"
EndProject
Project("{9A19103F-16F7-4668-BE54-9A1E7A4F7556}") = "EatwellApi.Api", "Presentation\EatwellApi.Api\EatwellApi.Api.csproj", "{27B078A4-BD66-4D78-9399-84CDD5540041}"
EndProject
Global
	GlobalSection(SolutionConfigurationPlatforms) = preSolution
		Debug|Any CPU = Debug|Any CPU
		Release|Any CPU = Release|Any CPU
	EndGlobalSection
	GlobalSection(ProjectConfigurationPlatforms) = postSolution
		{042C5085-A755-44CC-8E85-7F7B9C793C14}.Debug|Any CPU.ActiveCfg = Debug|Any CPU
		{042C5085-A755-44CC-8E85-7F7B9C793C14}.Debug|Any CPU.Build.0 = Debug|Any CPU
		{042C5085-A755-44CC-8E85-7F7B9C793C14}.Release|Any CPU.ActiveCfg = Release|Any CPU
		{042C5085-A755-44CC-8E85-7F7B9C793C14}.Release|Any CPU.Build.0 = Release|Any CPU
		{2D82E8C1-A2D8-4371-9A81-E87E6737371D}.Debug|Any CPU.ActiveCfg = Debug|Any CPU
		{2D82E8C1-A2D8-4371-9A81-E87E6737371D}.Debug|Any CPU.Build.0 = Debug|Any CPU
		{2D82E8C1-A2D8-4371-9A81-E87E6737371D}.Release|Any CPU.ActiveCfg = Release|Any CPU
		{2D82E8C1-A2D8-4371-9A81-E87E6737371D}.Release|Any CPU.Build.0 = Release|Any CPU
		{8B705BA5-025E-40A6-A84B-2F3378E336C5}.Debug|Any CPU.ActiveCfg = Debug|Any CPU
		{8B705BA5-025E-40A6-A84B-2F3378E336C5}.Debug|Any CPU.Build.0 = Debug|Any CPU
		{8B705BA5-025E-40A6-A84B-2F3378E336C5}.Release|Any CPU.ActiveCfg = Release|Any CPU
		{8B705BA5-025E-40A6-A84B-2F3378E336C5}.Release|Any CPU.Build.0 = Release|Any CPU
		{6E5571EA-4C50-410E-9C8F-7488D525001B}.Debug|Any CPU.ActiveCfg = Debug|Any CPU
		{6E5571EA-4C50-410E-9C8F-7488D525001B}.Debug|Any CPU.Build.0 = Debug|Any CPU
		{6E5571EA-4C50-410E-9C8F-7488D525001B}.Release|Any CPU.ActiveCfg = Release|Any CPU
		{6E5571EA-4C50-410E-9C8F-7488D525001B}.Release|Any CPU.Build.0 = Release|Any CPU
		{27B078A4-BD66-4D78-9399-84CDD5540041}.Debug|Any CPU.ActiveCfg = Debug|Any CPU
		{27B078A4-BD66-4D78-9399-84CDD5540041}.Debug|Any CPU.Build.0 = Debug|Any CPU
		{27B078A4-BD66-4D78-9399-84CDD5540041}.Release|Any CPU.ActiveCfg = Release|Any CPU
		{27B078A4-BD66-4D78-9399-84CDD5540041}.Release|Any CPU.Build.0 = Release|Any CPU
	EndGlobalSection
	GlobalSection(SolutionProperties) = preSolution
		HideSolutionNode = FALSE
	EndGlobalSection
	GlobalSection(NestedProjects) = preSolution
		{042C5085-A755-44CC-8E85-7F7B9C793C14} = {C4825924-1A51-4D9D-A2AC-43F08CA87146}
		{2D82E8C1-A2D8-4371-9A81-E87E6737371D} = {C4825924-1A51-4D9D-A2AC-43F08CA87146}
		{8B705BA5-025E-40A6-A84B-2F3378E336C5} = {C127E596-954B-48C6-9478-722C497B71AD}
		{6E5571EA-4C50-410E-9C8F-7488D525001B} = {C127E596-954B-48C6-9478-722C497B71AD}
		{27B078A4-BD66-4D78-9399-84CDD5540041} = {6696AE53-FC71-4C9B-B5BB-1639C712604F}
	EndGlobalSection
	GlobalSection(ExtensibilityGlobals) = postSolution
		SolutionGuid = {3F8458FD-FCE9-4091-AA8E-50C45B13C786}
	EndGlobalSection
EndGlobal
